
Microsoft Visual Studio Solution File, Format Version 12.00
# Visual Studio Version 16
VisualStudioVersion = 16.0.31019.35
MinimumVisualStudioVersion = 10.0.40219.1
Project("{8BC9CEB8-8B4A-11D0-8D11-00A0C91BC942}") = "UML_Creator", "UML_Creator.vcxproj", "{E7D77F0E-239F-4FDC-945A-6C708906DE8F}"
EndProject
Global
	GlobalSection(SolutionConfigurationPlatforms) = preSolution
		Debug|x64 = Debug|x64
		Debug|x86 = Debug|x86
		Release|x64 = Release|x64
		Release|x86 = Release|x86
	EndGlobalSection
	GlobalSection(ProjectConfigurationPlatforms) = postSolution
		{E7D77F0E-239F-4FDC-945A-6C708906DE8F}.Debug|x64.ActiveCfg = Debug|x64
		{E7D77F0E-239F-4FDC-945A-6C708906DE8F}.Debug|x64.Build.0 = Debug|x64
		{E7D77F0E-239F-4FDC-945A-6C708906DE8F}.Debug|x86.ActiveCfg = Debug|Win32
		{E7D77F0E-239F-4FDC-945A-6C708906DE8F}.Debug|x86.Build.0 = Debug|Win32
		{E7D77F0E-239F-4FDC-945A-6C708906DE8F}.Release|x64.ActiveCfg = Release|x64
		{E7D77F0E-239F-4FDC-945A-6C708906DE8F}.Release|x64.Build.0 = Release|x64
		{E7D77F0E-239F-4FDC-945A-6C708906DE8F}.Release|x86.ActiveCfg = Release|Win32
		{E7D77F0E-239F-4FDC-945A-6C708906DE8F}.Release|x86.Build.0 = Release|Win32
	EndGlobalSection
	GlobalSection(SolutionProperties) = preSolution
		HideSolutionNode = FALSE
	EndGlobalSection
	GlobalSection(ExtensibilityGlobals) = postSolution
		SolutionGuid = {51A04D13-907F-456C-BAFC-707071FC0496}
	EndGlobalSection
EndGlobal
